
Microsoft Visual Studio Solution File, Format Version 12.00
Project("{FAE04EC0-301F-11D3-BF4B-00C04F79EFBC}") = "Server", "Server\Server.csproj", "{E3ED3E6C-6349-4278-9767-AE061B2AB4D7}"
EndProject
Global
	GlobalSection(SolutionConfigurationPlatforms) = preSolution
		Debug|Any CPU = Debug|Any CPU
		Release|Any CPU = Release|Any CPU
	EndGlobalSection
	GlobalSection(ProjectConfigurationPlatforms) = postSolution
		{E3ED3E6C-6349-4278-9767-AE061B2AB4D7}.Debug|Any CPU.ActiveCfg = Debug|Any CPU
		{E3ED3E6C-6349-4278-9767-AE061B2AB4D7}.Debug|Any CPU.Build.0 = Debug|Any CPU
		{E3ED3E6C-6349-4278-9767-AE061B2AB4D7}.Release|Any CPU.ActiveCfg = Release|Any CPU
		{E3ED3E6C-6349-4278-9767-AE061B2AB4D7}.Release|Any CPU.Build.0 = Release|Any CPU
	EndGlobalSection
EndGlobal
